
Microsoft Visual Studio Solution File, Format Version 12.00
# Visual Studio 14
VisualStudioVersion = 14.0.25420.1
MinimumVisualStudioVersion = 10.0.40219.1
Project("{2150E333-8FDC-42A3-9474-1A3956D46DE8}") = "src", "src", "{8DAF4FC9-0492-46E2-9AA6-1A96C66BA529}"
EndProject
Project("{2150E333-8FDC-42A3-9474-1A3956D46DE8}") = "Solution Items", "Solution Items", "{68A74A1F-1891-4B60-9465-EBF00053D9DB}"
	ProjectSection(SolutionItems) = preProject
		global.json = global.json
	EndProjectSection
EndProject
Project("{8BB2217D-0F2D-49D1-97BC-3654ED321F3B}") = "Blackjack", "src\Blackjack\Blackjack.xproj", "{2EFACE06-F1BB-48B8-8481-037D0F744842}"
EndProject
Global
	GlobalSection(SolutionConfigurationPlatforms) = preSolution
		Debug|Any CPU = Debug|Any CPU
		Release|Any CPU = Release|Any CPU
	EndGlobalSection
	GlobalSection(ProjectConfigurationPlatforms) = postSolution
		{2EFACE06-F1BB-48B8-8481-037D0F744842}.Debug|Any CPU.ActiveCfg = Debug|Any CPU
		{2EFACE06-F1BB-48B8-8481-037D0F744842}.Debug|Any CPU.Build.0 = Debug|Any CPU
		{2EFACE06-F1BB-48B8-8481-037D0F744842}.Release|Any CPU.ActiveCfg = Release|Any CPU
		{2EFACE06-F1BB-48B8-8481-037D0F744842}.Release|Any CPU.Build.0 = Release|Any CPU
	EndGlobalSection
	GlobalSection(SolutionProperties) = preSolution
		HideSolutionNode = FALSE
	EndGlobalSection
	GlobalSection(NestedProjects) = preSolution
		{2EFACE06-F1BB-48B8-8481-037D0F744842} = {8DAF4FC9-0492-46E2-9AA6-1A96C66BA529}
	EndGlobalSection
EndGlobal
